
Microsoft Visual Studio Solution File, Format Version 12.00
# Visual Studio 15
VisualStudioVersion = 15.0.28010.2041
MinimumVisualStudioVersion = 10.0.40219.1
Project("{FAE04EC0-301F-11D3-BF4B-00C04F79EFBC}") = "MainDirectDemo", "SophtronClientSample\MainDirectDemo.csproj", "{0230C01B-CFDE-4EA7-94A3-ED1D388148F7}"
EndProject
Project("{FAE04EC0-301F-11D3-BF4B-00C04F79EFBC}") = "SophtronClient", "SophtronClient\SophtronClient.csproj", "{5994DD3E-FBD9-4988-B2B1-3DF79DFB1775}"
EndProject
Project("{FAE04EC0-301F-11D3-BF4B-00C04F79EFBC}") = "SophtronEntities", "SophtronEntities\SophtronEntities.csproj", "{A0C2365D-4E5B-4DD6-A40E-5F401A1D7C0E}"
EndProject
Project("{FAE04EC0-301F-11D3-BF4B-00C04F79EFBC}") = "Common", "Common\Common.csproj", "{5895AD60-52D1-4846-AE78-B828727909FA}"
EndProject
Project("{FAE04EC0-301F-11D3-BF4B-00C04F79EFBC}") = "MainOAuthDemo", "MainOAuthDemo\MainOAuthDemo.csproj", "{0A6546BD-51FE-4841-BD9E-DA6E46F50272}"
EndProject
Project("{FAE04EC0-301F-11D3-BF4B-00C04F79EFBC}") = "MainIntegrationDemo", "MainIntegrationDemo\MainIntegrationDemo.csproj", "{ED0AAA93-5CA5-4FEC-A98F-D46B77424939}"
EndProject
Global
	GlobalSection(SolutionConfigurationPlatforms) = preSolution
		Debug|Any CPU = Debug|Any CPU
		Release|Any CPU = Release|Any CPU
	EndGlobalSection
	GlobalSection(ProjectConfigurationPlatforms) = postSolution
		{0230C01B-CFDE-4EA7-94A3-ED1D388148F7}.Debug|Any CPU.ActiveCfg = Debug|Any CPU
		{0230C01B-CFDE-4EA7-94A3-ED1D388148F7}.Debug|Any CPU.Build.0 = Debug|Any CPU
		{0230C01B-CFDE-4EA7-94A3-ED1D388148F7}.Release|Any CPU.ActiveCfg = Release|Any CPU
		{0230C01B-CFDE-4EA7-94A3-ED1D388148F7}.Release|Any CPU.Build.0 = Release|Any CPU
		{5994DD3E-FBD9-4988-B2B1-3DF79DFB1775}.Debug|Any CPU.ActiveCfg = Debug|Any CPU
		{5994DD3E-FBD9-4988-B2B1-3DF79DFB1775}.Debug|Any CPU.Build.0 = Debug|Any CPU
		{5994DD3E-FBD9-4988-B2B1-3DF79DFB1775}.Release|Any CPU.ActiveCfg = Release|Any CPU
		{5994DD3E-FBD9-4988-B2B1-3DF79DFB1775}.Release|Any CPU.Build.0 = Release|Any CPU
		{A0C2365D-4E5B-4DD6-A40E-5F401A1D7C0E}.Debug|Any CPU.ActiveCfg = Debug|Any CPU
		{A0C2365D-4E5B-4DD6-A40E-5F401A1D7C0E}.Debug|Any CPU.Build.0 = Debug|Any CPU
		{A0C2365D-4E5B-4DD6-A40E-5F401A1D7C0E}.Release|Any CPU.ActiveCfg = Release|Any CPU
		{A0C2365D-4E5B-4DD6-A40E-5F401A1D7C0E}.Release|Any CPU.Build.0 = Release|Any CPU
		{5895AD60-52D1-4846-AE78-B828727909FA}.Debug|Any CPU.ActiveCfg = Debug|Any CPU
		{5895AD60-52D1-4846-AE78-B828727909FA}.Debug|Any CPU.Build.0 = Debug|Any CPU
		{5895AD60-52D1-4846-AE78-B828727909FA}.Release|Any CPU.ActiveCfg = Release|Any CPU
		{5895AD60-52D1-4846-AE78-B828727909FA}.Release|Any CPU.Build.0 = Release|Any CPU
		{0A6546BD-51FE-4841-BD9E-DA6E46F50272}.Debug|Any CPU.ActiveCfg = Debug|Any CPU
		{0A6546BD-51FE-4841-BD9E-DA6E46F50272}.Debug|Any CPU.Build.0 = Debug|Any CPU
		{0A6546BD-51FE-4841-BD9E-DA6E46F50272}.Release|Any CPU.ActiveCfg = Release|Any CPU
		{0A6546BD-51FE-4841-BD9E-DA6E46F50272}.Release|Any CPU.Build.0 = Release|Any CPU
		{ED0AAA93-5CA5-4FEC-A98F-D46B77424939}.Debug|Any CPU.ActiveCfg = Debug|Any CPU
		{ED0AAA93-5CA5-4FEC-A98F-D46B77424939}.Debug|Any CPU.Build.0 = Debug|Any CPU
		{ED0AAA93-5CA5-4FEC-A98F-D46B77424939}.Release|Any CPU.ActiveCfg = Release|Any CPU
		{ED0AAA93-5CA5-4FEC-A98F-D46B77424939}.Release|Any CPU.Build.0 = Release|Any CPU
	EndGlobalSection
	GlobalSection(SolutionProperties) = preSolution
		HideSolutionNode = FALSE
	EndGlobalSection
	GlobalSection(ExtensibilityGlobals) = postSolution
		SolutionGuid = {941721AA-5CF9-49F1-BC13-ED669983BC0E}
	EndGlobalSection
EndGlobal
